
Microsoft Visual Studio Solution File, Format Version 12.00
# Visual Studio Version 17
VisualStudioVersion = 17.7.34003.232
MinimumVisualStudioVersion = 10.0.40219.1
Project("{FAE04EC0-301F-11D3-BF4B-00C04F79EFBC}") = "Argumento params - Aula 27", "Argumento params - Aula 27.csproj", "{B384FEE4-4573-4E47-B215-1D93F17E9E61}"
EndProject
Global
	GlobalSection(SolutionConfigurationPlatforms) = preSolution
		Debug|Any CPU = Debug|Any CPU
		Release|Any CPU = Release|Any CPU
	EndGlobalSection
	GlobalSection(ProjectConfigurationPlatforms) = postSolution
		{B384FEE4-4573-4E47-B215-1D93F17E9E61}.Debug|Any CPU.ActiveCfg = Debug|Any CPU
		{B384FEE4-4573-4E47-B215-1D93F17E9E61}.Debug|Any CPU.Build.0 = Debug|Any CPU
		{B384FEE4-4573-4E47-B215-1D93F17E9E61}.Release|Any CPU.ActiveCfg = Release|Any CPU
		{B384FEE4-4573-4E47-B215-1D93F17E9E61}.Release|Any CPU.Build.0 = Release|Any CPU
	EndGlobalSection
	GlobalSection(SolutionProperties) = preSolution
		HideSolutionNode = FALSE
	EndGlobalSection
	GlobalSection(ExtensibilityGlobals) = postSolution
		SolutionGuid = {29D30468-AE02-433E-9225-FD4708A048C2}
	EndGlobalSection
EndGlobal
