
Microsoft Visual Studio Solution File, Format Version 12.00
# Visual Studio Version 17
VisualStudioVersion = 17.7.34003.232
MinimumVisualStudioVersion = 10.0.40219.1
Project("{FAE04EC0-301F-11D3-BF4B-00C04F79EFBC}") = "Sobrecarga de Construtores - Aula 30", "Sobrecarga de Construtores - Aula 30.csproj", "{E12E1400-1FA7-47A9-856C-4AC808B2C902}"
EndProject
Global
	GlobalSection(SolutionConfigurationPlatforms) = preSolution
		Debug|Any CPU = Debug|Any CPU
		Release|Any CPU = Release|Any CPU
	EndGlobalSection
	GlobalSection(ProjectConfigurationPlatforms) = postSolution
		{E12E1400-1FA7-47A9-856C-4AC808B2C902}.Debug|Any CPU.ActiveCfg = Debug|Any CPU
		{E12E1400-1FA7-47A9-856C-4AC808B2C902}.Debug|Any CPU.Build.0 = Debug|Any CPU
		{E12E1400-1FA7-47A9-856C-4AC808B2C902}.Release|Any CPU.ActiveCfg = Release|Any CPU
		{E12E1400-1FA7-47A9-856C-4AC808B2C902}.Release|Any CPU.Build.0 = Release|Any CPU
	EndGlobalSection
	GlobalSection(SolutionProperties) = preSolution
		HideSolutionNode = FALSE
	EndGlobalSection
	GlobalSection(ExtensibilityGlobals) = postSolution
		SolutionGuid = {BF90D213-7A4E-44CF-A8E7-D9D196B1DE7E}
	EndGlobalSection
EndGlobal
