
Microsoft Visual Studio Solution File, Format Version 12.00
# Visual Studio Version 17
VisualStudioVersion = 17.7.34202.233
MinimumVisualStudioVersion = 10.0.40219.1
Project("{FAE04EC0-301F-11D3-BF4B-00C04F79EFBC}") = "Formulário, Manipulação de componentes, Evento de clique - Aula 61", "Formulário, Manipulação de componentes, Evento de clique - Aula 61.csproj", "{ABFE8EC8-E43E-47F8-B6BC-C5CCFFCCF17B}"
EndProject
Global
	GlobalSection(SolutionConfigurationPlatforms) = preSolution
		Debug|Any CPU = Debug|Any CPU
		Release|Any CPU = Release|Any CPU
	EndGlobalSection
	GlobalSection(ProjectConfigurationPlatforms) = postSolution
		{ABFE8EC8-E43E-47F8-B6BC-C5CCFFCCF17B}.Debug|Any CPU.ActiveCfg = Debug|Any CPU
		{ABFE8EC8-E43E-47F8-B6BC-C5CCFFCCF17B}.Debug|Any CPU.Build.0 = Debug|Any CPU
		{ABFE8EC8-E43E-47F8-B6BC-C5CCFFCCF17B}.Release|Any CPU.ActiveCfg = Release|Any CPU
		{ABFE8EC8-E43E-47F8-B6BC-C5CCFFCCF17B}.Release|Any CPU.Build.0 = Release|Any CPU
	EndGlobalSection
	GlobalSection(SolutionProperties) = preSolution
		HideSolutionNode = FALSE
	EndGlobalSection
	GlobalSection(ExtensibilityGlobals) = postSolution
		SolutionGuid = {589221EE-DF3E-4DC3-B837-DAF96C63CB2D}
	EndGlobalSection
EndGlobal
