
Microsoft Visual Studio Solution File, Format Version 12.00
# Visual Studio Version 17
VisualStudioVersion = 17.7.34003.232
MinimumVisualStudioVersion = 10.0.40219.1
Project("{FAE04EC0-301F-11D3-BF4B-00C04F79EFBC}") = "Conversões de tipos (typecast) - Aula 11", "Conversões de tipos (typecast) - Aula 11.csproj", "{E9531FFC-35C8-42F3-B27B-EE813090787F}"
EndProject
Global
	GlobalSection(SolutionConfigurationPlatforms) = preSolution
		Debug|Any CPU = Debug|Any CPU
		Release|Any CPU = Release|Any CPU
	EndGlobalSection
	GlobalSection(ProjectConfigurationPlatforms) = postSolution
		{E9531FFC-35C8-42F3-B27B-EE813090787F}.Debug|Any CPU.ActiveCfg = Debug|Any CPU
		{E9531FFC-35C8-42F3-B27B-EE813090787F}.Debug|Any CPU.Build.0 = Debug|Any CPU
		{E9531FFC-35C8-42F3-B27B-EE813090787F}.Release|Any CPU.ActiveCfg = Release|Any CPU
		{E9531FFC-35C8-42F3-B27B-EE813090787F}.Release|Any CPU.Build.0 = Release|Any CPU
	EndGlobalSection
	GlobalSection(SolutionProperties) = preSolution
		HideSolutionNode = FALSE
	EndGlobalSection
	GlobalSection(ExtensibilityGlobals) = postSolution
		SolutionGuid = {628AFE29-65B3-4E95-BD72-2101739F539A}
	EndGlobalSection
EndGlobal
