
Microsoft Visual Studio Solution File, Format Version 12.00
# Visual Studio Version 17
VisualStudioVersion = 17.7.34003.232
MinimumVisualStudioVersion = 10.0.40219.1
Project("{FAE04EC0-301F-11D3-BF4B-00C04F79EFBC}") = "Métodos -  Aula 24", "Métodos -  Aula 24.csproj", "{ACB35F71-71DF-46D2-8828-82AC6033F56A}"
EndProject
Global
	GlobalSection(SolutionConfigurationPlatforms) = preSolution
		Debug|Any CPU = Debug|Any CPU
		Release|Any CPU = Release|Any CPU
	EndGlobalSection
	GlobalSection(ProjectConfigurationPlatforms) = postSolution
		{ACB35F71-71DF-46D2-8828-82AC6033F56A}.Debug|Any CPU.ActiveCfg = Debug|Any CPU
		{ACB35F71-71DF-46D2-8828-82AC6033F56A}.Debug|Any CPU.Build.0 = Debug|Any CPU
		{ACB35F71-71DF-46D2-8828-82AC6033F56A}.Release|Any CPU.ActiveCfg = Release|Any CPU
		{ACB35F71-71DF-46D2-8828-82AC6033F56A}.Release|Any CPU.Build.0 = Release|Any CPU
	EndGlobalSection
	GlobalSection(SolutionProperties) = preSolution
		HideSolutionNode = FALSE
	EndGlobalSection
	GlobalSection(ExtensibilityGlobals) = postSolution
		SolutionGuid = {AD4AB986-34C1-4B2F-A62B-7F75B04E966A}
	EndGlobalSection
EndGlobal
