
Microsoft Visual Studio Solution File, Format Version 12.00
# Visual Studio Version 17
VisualStudioVersion = 17.7.34003.232
MinimumVisualStudioVersion = 10.0.40219.1
Project("{FAE04EC0-301F-11D3-BF4B-00C04F79EFBC}") = "Loop FOR (Estruturas de iteração) - Aula 19", "Loop FOR (Estruturas de iteração) - Aula 19.csproj", "{76E6EB48-49FB-4C7C-A131-2FC9350879F3}"
EndProject
Global
	GlobalSection(SolutionConfigurationPlatforms) = preSolution
		Debug|Any CPU = Debug|Any CPU
		Release|Any CPU = Release|Any CPU
	EndGlobalSection
	GlobalSection(ProjectConfigurationPlatforms) = postSolution
		{76E6EB48-49FB-4C7C-A131-2FC9350879F3}.Debug|Any CPU.ActiveCfg = Debug|Any CPU
		{76E6EB48-49FB-4C7C-A131-2FC9350879F3}.Debug|Any CPU.Build.0 = Debug|Any CPU
		{76E6EB48-49FB-4C7C-A131-2FC9350879F3}.Release|Any CPU.ActiveCfg = Release|Any CPU
		{76E6EB48-49FB-4C7C-A131-2FC9350879F3}.Release|Any CPU.Build.0 = Release|Any CPU
	EndGlobalSection
	GlobalSection(SolutionProperties) = preSolution
		HideSolutionNode = FALSE
	EndGlobalSection
	GlobalSection(ExtensibilityGlobals) = postSolution
		SolutionGuid = {6E44ADD9-5ED4-449C-B3EE-479377243F95}
	EndGlobalSection
EndGlobal
