
Microsoft Visual Studio Solution File, Format Version 12.00
# Visual Studio Version 17
VisualStudioVersion = 17.7.34003.232
MinimumVisualStudioVersion = 10.0.40219.1
Project("{FAE04EC0-301F-11D3-BF4B-00C04F79EFBC}") = "Exceções - Try Catch Finally - P2 - Aula 53", "Exceções - Try Catch Finally - P2 - Aula 53.csproj", "{78DB1B76-4893-4D67-98B6-BF8202D16282}"
EndProject
Global
	GlobalSection(SolutionConfigurationPlatforms) = preSolution
		Debug|Any CPU = Debug|Any CPU
		Release|Any CPU = Release|Any CPU
	EndGlobalSection
	GlobalSection(ProjectConfigurationPlatforms) = postSolution
		{78DB1B76-4893-4D67-98B6-BF8202D16282}.Debug|Any CPU.ActiveCfg = Debug|Any CPU
		{78DB1B76-4893-4D67-98B6-BF8202D16282}.Debug|Any CPU.Build.0 = Debug|Any CPU
		{78DB1B76-4893-4D67-98B6-BF8202D16282}.Release|Any CPU.ActiveCfg = Release|Any CPU
		{78DB1B76-4893-4D67-98B6-BF8202D16282}.Release|Any CPU.Build.0 = Release|Any CPU
	EndGlobalSection
	GlobalSection(SolutionProperties) = preSolution
		HideSolutionNode = FALSE
	EndGlobalSection
	GlobalSection(ExtensibilityGlobals) = postSolution
		SolutionGuid = {E44424CC-D331-4E17-BD13-5AE8F4BCB6BC}
	EndGlobalSection
EndGlobal
