
Microsoft Visual Studio Solution File, Format Version 12.00
# Visual Studio Version 17
VisualStudioVersion = 17.7.34003.232
MinimumVisualStudioVersion = 10.0.40219.1
Project("{FAE04EC0-301F-11D3-BF4B-00C04F79EFBC}") = "Herança -  Aula 34", "Herança -  Aula 34.csproj", "{9CE9C831-98B0-4022-98B7-9D6800CA4AC4}"
EndProject
Global
	GlobalSection(SolutionConfigurationPlatforms) = preSolution
		Debug|Any CPU = Debug|Any CPU
		Release|Any CPU = Release|Any CPU
	EndGlobalSection
	GlobalSection(ProjectConfigurationPlatforms) = postSolution
		{9CE9C831-98B0-4022-98B7-9D6800CA4AC4}.Debug|Any CPU.ActiveCfg = Debug|Any CPU
		{9CE9C831-98B0-4022-98B7-9D6800CA4AC4}.Debug|Any CPU.Build.0 = Debug|Any CPU
		{9CE9C831-98B0-4022-98B7-9D6800CA4AC4}.Release|Any CPU.ActiveCfg = Release|Any CPU
		{9CE9C831-98B0-4022-98B7-9D6800CA4AC4}.Release|Any CPU.Build.0 = Release|Any CPU
	EndGlobalSection
	GlobalSection(SolutionProperties) = preSolution
		HideSolutionNode = FALSE
	EndGlobalSection
	GlobalSection(ExtensibilityGlobals) = postSolution
		SolutionGuid = {C4AE4EF4-0BFA-4429-A79A-74649906FCB0}
	EndGlobalSection
EndGlobal
