
Microsoft Visual Studio Solution File, Format Version 12.00
# Visual Studio Version 17
VisualStudioVersion = 17.7.34202.233
MinimumVisualStudioVersion = 10.0.40219.1
Project("{FAE04EC0-301F-11D3-BF4B-00C04F79EFBC}") = "Treino Forms", "Treino Forms.csproj", "{210D2347-CD15-4E85-A8BB-76CE1DAF6122}"
EndProject
Global
	GlobalSection(SolutionConfigurationPlatforms) = preSolution
		Debug|Any CPU = Debug|Any CPU
		Release|Any CPU = Release|Any CPU
	EndGlobalSection
	GlobalSection(ProjectConfigurationPlatforms) = postSolution
		{210D2347-CD15-4E85-A8BB-76CE1DAF6122}.Debug|Any CPU.ActiveCfg = Debug|Any CPU
		{210D2347-CD15-4E85-A8BB-76CE1DAF6122}.Debug|Any CPU.Build.0 = Debug|Any CPU
		{210D2347-CD15-4E85-A8BB-76CE1DAF6122}.Release|Any CPU.ActiveCfg = Release|Any CPU
		{210D2347-CD15-4E85-A8BB-76CE1DAF6122}.Release|Any CPU.Build.0 = Release|Any CPU
	EndGlobalSection
	GlobalSection(SolutionProperties) = preSolution
		HideSolutionNode = FALSE
	EndGlobalSection
	GlobalSection(ExtensibilityGlobals) = postSolution
		SolutionGuid = {C85641D3-7418-467D-A932-34E8F50CDA3B}
	EndGlobalSection
EndGlobal
