
Microsoft Visual Studio Solution File, Format Version 12.00
# Visual Studio Version 17
VisualStudioVersion = 17.7.34003.232
MinimumVisualStudioVersion = 10.0.40219.1
Project("{FAE04EC0-301F-11D3-BF4B-00C04F79EFBC}") = "Loop WHILE - Estruturas de iteração - Aula 20", "Loop WHILE - Estruturas de iteração - Aula 20.csproj", "{738DBAA8-293E-4BB0-893C-04A3A42CA9A9}"
EndProject
Global
	GlobalSection(SolutionConfigurationPlatforms) = preSolution
		Debug|Any CPU = Debug|Any CPU
		Release|Any CPU = Release|Any CPU
	EndGlobalSection
	GlobalSection(ProjectConfigurationPlatforms) = postSolution
		{738DBAA8-293E-4BB0-893C-04A3A42CA9A9}.Debug|Any CPU.ActiveCfg = Debug|Any CPU
		{738DBAA8-293E-4BB0-893C-04A3A42CA9A9}.Debug|Any CPU.Build.0 = Debug|Any CPU
		{738DBAA8-293E-4BB0-893C-04A3A42CA9A9}.Release|Any CPU.ActiveCfg = Release|Any CPU
		{738DBAA8-293E-4BB0-893C-04A3A42CA9A9}.Release|Any CPU.Build.0 = Release|Any CPU
	EndGlobalSection
	GlobalSection(SolutionProperties) = preSolution
		HideSolutionNode = FALSE
	EndGlobalSection
	GlobalSection(ExtensibilityGlobals) = postSolution
		SolutionGuid = {980FE8E2-54AF-4583-A312-4C6F97607AFD}
	EndGlobalSection
EndGlobal
