
Microsoft Visual Studio Solution File, Format Version 12.00
# Visual Studio Version 17
VisualStudioVersion = 17.7.34003.232
MinimumVisualStudioVersion = 10.0.40219.1
Project("{FAE04EC0-301F-11D3-BF4B-00C04F79EFBC}") = "Cadeia de herança e Construtor de classe base - Aula 35", "Cadeia de herança e Construtor de classe base - Aula 35.csproj", "{7F137589-5168-46D5-9A2B-DD16774CF654}"
EndProject
Global
	GlobalSection(SolutionConfigurationPlatforms) = preSolution
		Debug|Any CPU = Debug|Any CPU
		Release|Any CPU = Release|Any CPU
	EndGlobalSection
	GlobalSection(ProjectConfigurationPlatforms) = postSolution
		{7F137589-5168-46D5-9A2B-DD16774CF654}.Debug|Any CPU.ActiveCfg = Debug|Any CPU
		{7F137589-5168-46D5-9A2B-DD16774CF654}.Debug|Any CPU.Build.0 = Debug|Any CPU
		{7F137589-5168-46D5-9A2B-DD16774CF654}.Release|Any CPU.ActiveCfg = Release|Any CPU
		{7F137589-5168-46D5-9A2B-DD16774CF654}.Release|Any CPU.Build.0 = Release|Any CPU
	EndGlobalSection
	GlobalSection(SolutionProperties) = preSolution
		HideSolutionNode = FALSE
	EndGlobalSection
	GlobalSection(ExtensibilityGlobals) = postSolution
		SolutionGuid = {6C36B756-CDA0-4152-AF30-86ADA9283DFE}
	EndGlobalSection
EndGlobal
