
Microsoft Visual Studio Solution File, Format Version 12.00
# Visual Studio Version 17
VisualStudioVersion = 17.7.34003.232
MinimumVisualStudioVersion = 10.0.40219.1
Project("{FAE04EC0-301F-11D3-BF4B-00C04F79EFBC}") = "Construtores e Destrutores - Aula 29", "Construtores e Destrutores - Aula 29.csproj", "{C20A23A1-455C-4CF2-9377-22536B2DEAFB}"
EndProject
Global
	GlobalSection(SolutionConfigurationPlatforms) = preSolution
		Debug|Any CPU = Debug|Any CPU
		Release|Any CPU = Release|Any CPU
	EndGlobalSection
	GlobalSection(ProjectConfigurationPlatforms) = postSolution
		{C20A23A1-455C-4CF2-9377-22536B2DEAFB}.Debug|Any CPU.ActiveCfg = Debug|Any CPU
		{C20A23A1-455C-4CF2-9377-22536B2DEAFB}.Debug|Any CPU.Build.0 = Debug|Any CPU
		{C20A23A1-455C-4CF2-9377-22536B2DEAFB}.Release|Any CPU.ActiveCfg = Release|Any CPU
		{C20A23A1-455C-4CF2-9377-22536B2DEAFB}.Release|Any CPU.Build.0 = Release|Any CPU
	EndGlobalSection
	GlobalSection(SolutionProperties) = preSolution
		HideSolutionNode = FALSE
	EndGlobalSection
	GlobalSection(ExtensibilityGlobals) = postSolution
		SolutionGuid = {1F28F4B7-78E6-4C32-AEBD-93A39E0ADE85}
	EndGlobalSection
EndGlobal
