
Microsoft Visual Studio Solution File, Format Version 12.00
# Visual Studio Version 17
VisualStudioVersion = 17.7.34003.232
MinimumVisualStudioVersion = 10.0.40219.1
Project("{FAE04EC0-301F-11D3-BF4B-00C04F79EFBC}") = "Classes e métodos abstratos -  Aula 39", "Classes e métodos abstratos -  Aula 39.csproj", "{43DAAD5F-D76C-4FA0-8F40-2E70142A2A67}"
EndProject
Global
	GlobalSection(SolutionConfigurationPlatforms) = preSolution
		Debug|Any CPU = Debug|Any CPU
		Release|Any CPU = Release|Any CPU
	EndGlobalSection
	GlobalSection(ProjectConfigurationPlatforms) = postSolution
		{43DAAD5F-D76C-4FA0-8F40-2E70142A2A67}.Debug|Any CPU.ActiveCfg = Debug|Any CPU
		{43DAAD5F-D76C-4FA0-8F40-2E70142A2A67}.Debug|Any CPU.Build.0 = Debug|Any CPU
		{43DAAD5F-D76C-4FA0-8F40-2E70142A2A67}.Release|Any CPU.ActiveCfg = Release|Any CPU
		{43DAAD5F-D76C-4FA0-8F40-2E70142A2A67}.Release|Any CPU.Build.0 = Release|Any CPU
	EndGlobalSection
	GlobalSection(SolutionProperties) = preSolution
		HideSolutionNode = FALSE
	EndGlobalSection
	GlobalSection(ExtensibilityGlobals) = postSolution
		SolutionGuid = {72C8EC3D-8E28-41E7-B568-4B9EF919E3D0}
	EndGlobalSection
EndGlobal
