
Microsoft Visual Studio Solution File, Format Version 12.00
# Visual Studio Version 17
VisualStudioVersion = 17.8.34316.72
MinimumVisualStudioVersion = 10.0.40219.1
Project("{FAE04EC0-301F-11D3-BF4B-00C04F79EFBC}") = "Adicionando SQLite ao seu projeto - Aula 99", "Adicionando SQLite ao seu projeto - Aula 99.csproj", "{DA115F49-D6BA-45CA-9FC8-B41658F60B01}"
EndProject
Global
	GlobalSection(SolutionConfigurationPlatforms) = preSolution
		Debug|Any CPU = Debug|Any CPU
		Release|Any CPU = Release|Any CPU
	EndGlobalSection
	GlobalSection(ProjectConfigurationPlatforms) = postSolution
		{DA115F49-D6BA-45CA-9FC8-B41658F60B01}.Debug|Any CPU.ActiveCfg = Debug|Any CPU
		{DA115F49-D6BA-45CA-9FC8-B41658F60B01}.Debug|Any CPU.Build.0 = Debug|Any CPU
		{DA115F49-D6BA-45CA-9FC8-B41658F60B01}.Release|Any CPU.ActiveCfg = Release|Any CPU
		{DA115F49-D6BA-45CA-9FC8-B41658F60B01}.Release|Any CPU.Build.0 = Release|Any CPU
	EndGlobalSection
	GlobalSection(SolutionProperties) = preSolution
		HideSolutionNode = FALSE
	EndGlobalSection
	GlobalSection(ExtensibilityGlobals) = postSolution
		SolutionGuid = {5499D278-3137-4325-A6F5-54497F67FDB0}
	EndGlobalSection
EndGlobal
