
Microsoft Visual Studio Solution File, Format Version 12.00
# Visual Studio Version 17
VisualStudioVersion = 17.7.34202.233
MinimumVisualStudioVersion = 10.0.40219.1
Project("{FAE04EC0-301F-11D3-BF4B-00C04F79EFBC}") = "Componente Textbo - Aula 62", "Componente Textbo - Aula 62.csproj", "{4C3485BE-6FCA-44A9-B019-16BE864BBFAD}"
EndProject
Global
	GlobalSection(SolutionConfigurationPlatforms) = preSolution
		Debug|Any CPU = Debug|Any CPU
		Release|Any CPU = Release|Any CPU
	EndGlobalSection
	GlobalSection(ProjectConfigurationPlatforms) = postSolution
		{4C3485BE-6FCA-44A9-B019-16BE864BBFAD}.Debug|Any CPU.ActiveCfg = Debug|Any CPU
		{4C3485BE-6FCA-44A9-B019-16BE864BBFAD}.Debug|Any CPU.Build.0 = Debug|Any CPU
		{4C3485BE-6FCA-44A9-B019-16BE864BBFAD}.Release|Any CPU.ActiveCfg = Release|Any CPU
		{4C3485BE-6FCA-44A9-B019-16BE864BBFAD}.Release|Any CPU.Build.0 = Release|Any CPU
	EndGlobalSection
	GlobalSection(SolutionProperties) = preSolution
		HideSolutionNode = FALSE
	EndGlobalSection
	GlobalSection(ExtensibilityGlobals) = postSolution
		SolutionGuid = {538B31C8-F6B1-4D97-AAF3-95B474BBFC78}
	EndGlobalSection
EndGlobal
